
Microsoft Visual Studio Solution File, Format Version 12.00
# Visual Studio Version 16
VisualStudioVersion = 16.0.30709.132
MinimumVisualStudioVersion = 10.0.40219.1
Project("{9A19103F-16F7-4668-BE54-9A1E7A4F7556}") = "Lahckoko.Core", "Lahckoko.Core\Lahckoko.Core.csproj", "{C9D56440-C625-413E-BF86-AE56455306BE}"
EndProject
Project("{9A19103F-16F7-4668-BE54-9A1E7A4F7556}") = "Lahckoko.Blazor", "Lahckoko.Blazor\Lahckoko.Blazor.csproj", "{56934ECF-B4C9-49AC-992B-D08060E682FF}"
EndProject
Global
	GlobalSection(SolutionConfigurationPlatforms) = preSolution
		Debug|Any CPU = Debug|Any CPU
		Release|Any CPU = Release|Any CPU
	EndGlobalSection
	GlobalSection(ProjectConfigurationPlatforms) = postSolution
		{C9D56440-C625-413E-BF86-AE56455306BE}.Debug|Any CPU.ActiveCfg = Debug|Any CPU
		{C9D56440-C625-413E-BF86-AE56455306BE}.Debug|Any CPU.Build.0 = Debug|Any CPU
		{C9D56440-C625-413E-BF86-AE56455306BE}.Release|Any CPU.ActiveCfg = Release|Any CPU
		{C9D56440-C625-413E-BF86-AE56455306BE}.Release|Any CPU.Build.0 = Release|Any CPU
		{56934ECF-B4C9-49AC-992B-D08060E682FF}.Debug|Any CPU.ActiveCfg = Debug|Any CPU
		{56934ECF-B4C9-49AC-992B-D08060E682FF}.Debug|Any CPU.Build.0 = Debug|Any CPU
		{56934ECF-B4C9-49AC-992B-D08060E682FF}.Release|Any CPU.ActiveCfg = Release|Any CPU
		{56934ECF-B4C9-49AC-992B-D08060E682FF}.Release|Any CPU.Build.0 = Release|Any CPU
	EndGlobalSection
	GlobalSection(SolutionProperties) = preSolution
		HideSolutionNode = FALSE
	EndGlobalSection
	GlobalSection(ExtensibilityGlobals) = postSolution
		SolutionGuid = {BF5D6D11-DDCD-44D5-8666-3068B531F01B}
	EndGlobalSection
EndGlobal
